
Microsoft Visual Studio Solution File, Format Version 12.00
# Visual Studio 15
VisualStudioVersion = 15.0.26403.7
MinimumVisualStudioVersion = 10.0.40219.1
Project("{2150E333-8FDC-42A3-9474-1A3956D46DE8}") = "src", "src", "{AC4060F7-0443-49DA-A7D9-276A3A84D5C7}"
EndProject
Project("{2150E333-8FDC-42A3-9474-1A3956D46DE8}") = "Solution Items", "Solution Items", "{8B37BF8D-2D7F-4B12-9681-711D4677E2EC}"
EndProject
Project("{9A19103F-16F7-4668-BE54-9A1E7A4F7556}") = "LunarSFXc", "src\LunarSFXc\LunarSFXc.csproj", "{6F72276F-CC6A-48DF-9598-550A38791351}"
EndProject
Global
	GlobalSection(SolutionConfigurationPlatforms) = preSolution
		Debug|Any CPU = Debug|Any CPU
		Release|Any CPU = Release|Any CPU
	EndGlobalSection
	GlobalSection(ProjectConfigurationPlatforms) = postSolution
		{6F72276F-CC6A-48DF-9598-550A38791351}.Debug|Any CPU.ActiveCfg = Debug|Any CPU
		{6F72276F-CC6A-48DF-9598-550A38791351}.Debug|Any CPU.Build.0 = Debug|Any CPU
		{6F72276F-CC6A-48DF-9598-550A38791351}.Release|Any CPU.ActiveCfg = Release|Any CPU
		{6F72276F-CC6A-48DF-9598-550A38791351}.Release|Any CPU.Build.0 = Release|Any CPU
	EndGlobalSection
	GlobalSection(SolutionProperties) = preSolution
		HideSolutionNode = FALSE
	EndGlobalSection
	GlobalSection(NestedProjects) = preSolution
		{6F72276F-CC6A-48DF-9598-550A38791351} = {AC4060F7-0443-49DA-A7D9-276A3A84D5C7}
	EndGlobalSection
EndGlobal
